// !$*UTF8*$!
{
	archiveVersion = 1;
	classes = {
	};
	objectVersion = 46;
	objects = {

/* Begin PBXAggregateTarget section */
		380D062FF86A44B9BC81CB01 /* ZERO_CHECK */ = {
			isa = PBXAggregateTarget;
			buildConfigurationList = C085789AAB2F482F9DBE3E4C /* Build configuration list for PBXAggregateTarget "ZERO_CHECK" */;
			buildPhases = (
				37AD793F142B4E31A70F185D /* CMake Rules */,
			);
			dependencies = (
			);
			name = ZERO_CHECK;
			productName = ZERO_CHECK;
		};
		48C9C08BA85A42819678DC88 /* ALL_BUILD */ = {
			isa = PBXAggregateTarget;
			buildConfigurationList = 898DF1F97B6F480894B9F7CA /* Build configuration list for PBXAggregateTarget "ALL_BUILD" */;
			buildPhases = (
				5F41B7D51A26438A8D26F2C8 /* CMake Rules */,
			);
			dependencies = (
				1A7EB0B27D314835A8A8C997 /* PBXTargetDependency */,
				38FD3DD3EC2D4415B8C4F1AA /* PBXTargetDependency */,
			);
			name = ALL_BUILD;
			productName = ALL_BUILD;
		};
/* End PBXAggregateTarget section */

/* Begin PBXBuildFile section */
		16B41B6C0CEE47F6A7871A6D /* /Users/keita-y/UdacityProject/CarND-Extended-Kalman-Filter-Project/CMakeLists.txt */ = {isa = PBXBuildFile; fileRef = 8B00C5C7D28643E6B2FB7B1D /* /Users/keita-y/UdacityProject/CarND-Extended-Kalman-Filter-Project/CMakeLists.txt */; };
		2A3CCD27B7964C4B8DDD48E0 /* /Users/keita-y/UdacityProject/CarND-Extended-Kalman-Filter-Project/src/tools.h */ = {isa = PBXBuildFile; fileRef = 6F48F53A2A364717807DF2E4 /* /Users/keita-y/UdacityProject/CarND-Extended-Kalman-Filter-Project/src/tools.h */; };
		789CC1D02F9F457D9ED31ADF /* /Users/keita-y/UdacityProject/CarND-Extended-Kalman-Filter-Project/src/FusionEKF.h */ = {isa = PBXBuildFile; fileRef = B655A6D11DC04C979038EEF6 /* /Users/keita-y/UdacityProject/CarND-Extended-Kalman-Filter-Project/src/FusionEKF.h */; };
		8A1A43D785E247A798C65E7C /* /Users/keita-y/UdacityProject/CarND-Extended-Kalman-Filter-Project/src/FusionEKF.cpp */ = {isa = PBXBuildFile; fileRef = 1290A8D45F0E4A5C9A255DCD /* /Users/keita-y/UdacityProject/CarND-Extended-Kalman-Filter-Project/src/FusionEKF.cpp */; };
		A5BE47406FB544C188B14371 /* /Users/keita-y/UdacityProject/CarND-Extended-Kalman-Filter-Project/src/kalman_filter.h */ = {isa = PBXBuildFile; fileRef = 64968D3F62694BF19F128DD0 /* /Users/keita-y/UdacityProject/CarND-Extended-Kalman-Filter-Project/src/kalman_filter.h */; };
		C250A2613D454072A9A07380 /* /Users/keita-y/UdacityProject/CarND-Extended-Kalman-Filter-Project/src/main.cpp */ = {isa = PBXBuildFile; fileRef = 116CE2BA783842D9A28F511C /* /Users/keita-y/UdacityProject/CarND-Extended-Kalman-Filter-Project/src/main.cpp */; };
		DFF17E3541844A60A393CEA2 /* /Users/keita-y/UdacityProject/CarND-Extended-Kalman-Filter-Project/src/tools.cpp */ = {isa = PBXBuildFile; fileRef = 597E7A2F623544FE9D680F76 /* /Users/keita-y/UdacityProject/CarND-Extended-Kalman-Filter-Project/src/tools.cpp */; };
		F6DCD2AFAEF64E3FBFC7DFEC /* /Users/keita-y/UdacityProject/CarND-Extended-Kalman-Filter-Project/src/kalman_filter.cpp */ = {isa = PBXBuildFile; fileRef = 73EE4E185938433B868DBC4D /* /Users/keita-y/UdacityProject/CarND-Extended-Kalman-Filter-Project/src/kalman_filter.cpp */; };
/* End PBXBuildFile section */

/* Begin PBXBuildStyle section */
		253BDF6501694DB38572C49D = {
			isa = PBXBuildStyle;
		};
		29F234D3E08D4061B5BC9C3F /* Release */ = {
			isa = PBXBuildStyle;
			buildSettings = {
				COPY_PHASE_STRIP = NO;
			};
			name = Release;
		};
		A84B3F7455DF4204A8D58EEB /* Debug */ = {
			isa = PBXBuildStyle;
			buildSettings = {
				COPY_PHASE_STRIP = NO;
			};
			name = Debug;
		};
		D3039C0EA1354664AB14F427 /* MinSizeRel */ = {
			isa = PBXBuildStyle;
			buildSettings = {
				COPY_PHASE_STRIP = NO;
			};
			name = MinSizeRel;
		};
		F1640FD6483D44AFA3796602 /* RelWithDebInfo */ = {
			isa = PBXBuildStyle;
			buildSettings = {
				COPY_PHASE_STRIP = NO;
			};
			name = RelWithDebInfo;
		};
/* End PBXBuildStyle section */

/* Begin PBXContainerItemProxy section */
		5C1AA82F00D04259A5A02F67 /* PBXContainerItemProxy */ = {
			isa = PBXContainerItemProxy;
			containerPortal = 5A10ADE077314B9CB625CF14 /* Project object */;
			proxyType = 1;
			remoteGlobalIDString = 380D062FF86A44B9BC81CB01;
			remoteInfo = ZERO_CHECK;
		};
		C0AFE0BE09794CD9A94A3CCF /* PBXContainerItemProxy */ = {
			isa = PBXContainerItemProxy;
			containerPortal = 5A10ADE077314B9CB625CF14 /* Project object */;
			proxyType = 1;
			remoteGlobalIDString = 72C0BD3661944ECEA7E1C0F3;
			remoteInfo = ExtendedKF;
		};
		E0A8628009DD49FE92A007A4 /* PBXContainerItemProxy */ = {
			isa = PBXContainerItemProxy;
			containerPortal = 5A10ADE077314B9CB625CF14 /* Project object */;
			proxyType = 1;
			remoteGlobalIDString = 380D062FF86A44B9BC81CB01;
			remoteInfo = ZERO_CHECK;
		};
/* End PBXContainerItemProxy section */

/* Begin PBXFileReference section */
		116CE2BA783842D9A28F511C /* /Users/keita-y/UdacityProject/CarND-Extended-Kalman-Filter-Project/src/main.cpp */ = {isa = PBXFileReference; explicitFileType = sourcecode.cpp.cpp; fileEncoding = 4; name = main.cpp; path = src/main.cpp; sourceTree = SOURCE_ROOT; };
		1290A8D45F0E4A5C9A255DCD /* /Users/keita-y/UdacityProject/CarND-Extended-Kalman-Filter-Project/src/FusionEKF.cpp */ = {isa = PBXFileReference; explicitFileType = sourcecode.cpp.cpp; fileEncoding = 4; name = FusionEKF.cpp; path = src/FusionEKF.cpp; sourceTree = SOURCE_ROOT; };
		205BF8AB5C00433FB16A50C7 /* /Users/keita-y/UdacityProject/CarND-Extended-Kalman-Filter-Project/CMakeLists.txt */ = {isa = PBXFileReference; explicitFileType = sourcecode.text; fileEncoding = 4; name = CMakeLists.txt; path = CMakeLists.txt; sourceTree = SOURCE_ROOT; };
		27A4F49F1075459BBA2DCE25 /* /Users/keita-y/UdacityProject/CarND-Extended-Kalman-Filter-Project/CMakeLists.txt */ = {isa = PBXFileReference; explicitFileType = sourcecode.text; fileEncoding = 4; name = CMakeLists.txt; path = CMakeLists.txt; sourceTree = SOURCE_ROOT; };
		597E7A2F623544FE9D680F76 /* /Users/keita-y/UdacityProject/CarND-Extended-Kalman-Filter-Project/src/tools.cpp */ = {isa = PBXFileReference; explicitFileType = sourcecode.cpp.cpp; fileEncoding = 4; name = tools.cpp; path = src/tools.cpp; sourceTree = SOURCE_ROOT; };
		64968D3F62694BF19F128DD0 /* /Users/keita-y/UdacityProject/CarND-Extended-Kalman-Filter-Project/src/kalman_filter.h */ = {isa = PBXFileReference; explicitFileType = sourcecode.c.h; fileEncoding = 4; name = kalman_filter.h; path = src/kalman_filter.h; sourceTree = SOURCE_ROOT; };
		6F48F53A2A364717807DF2E4 /* /Users/keita-y/UdacityProject/CarND-Extended-Kalman-Filter-Project/src/tools.h */ = {isa = PBXFileReference; explicitFileType = sourcecode.c.h; fileEncoding = 4; name = tools.h; path = src/tools.h; sourceTree = SOURCE_ROOT; };
		73EE4E185938433B868DBC4D /* /Users/keita-y/UdacityProject/CarND-Extended-Kalman-Filter-Project/src/kalman_filter.cpp */ = {isa = PBXFileReference; explicitFileType = sourcecode.cpp.cpp; fileEncoding = 4; name = kalman_filter.cpp; path = src/kalman_filter.cpp; sourceTree = SOURCE_ROOT; };
		8B00C5C7D28643E6B2FB7B1D /* /Users/keita-y/UdacityProject/CarND-Extended-Kalman-Filter-Project/CMakeLists.txt */ = {isa = PBXFileReference; explicitFileType = sourcecode.text; fileEncoding = 4; name = CMakeLists.txt; path = CMakeLists.txt; sourceTree = SOURCE_ROOT; };
		9D9A727954BD45D7AB128F04 /* ExtendedKF */ = {isa = PBXFileReference; explicitFileType = "compiled.mach-o.executable"; path = ExtendedKF; sourceTree = BUILT_PRODUCTS_DIR; };
		B655A6D11DC04C979038EEF6 /* /Users/keita-y/UdacityProject/CarND-Extended-Kalman-Filter-Project/src/FusionEKF.h */ = {isa = PBXFileReference; explicitFileType = sourcecode.c.h; fileEncoding = 4; name = FusionEKF.h; path = src/FusionEKF.h; sourceTree = SOURCE_ROOT; };
/* End PBXFileReference section */

/* Begin PBXGroup section */
		36FF23B65310425FA1A6AAD1 /* CMake Rules */ = {
			isa = PBXGroup;
			children = (
			);
			name = "CMake Rules";
			sourceTree = "<group>";
		};
		3DECD08611704D7392D213FF /* Source Files */ = {
			isa = PBXGroup;
			children = (
				1290A8D45F0E4A5C9A255DCD /* /Users/keita-y/UdacityProject/CarND-Extended-Kalman-Filter-Project/src/FusionEKF.cpp */,
				73EE4E185938433B868DBC4D /* /Users/keita-y/UdacityProject/CarND-Extended-Kalman-Filter-Project/src/kalman_filter.cpp */,
				116CE2BA783842D9A28F511C /* /Users/keita-y/UdacityProject/CarND-Extended-Kalman-Filter-Project/src/main.cpp */,
				597E7A2F623544FE9D680F76 /* /Users/keita-y/UdacityProject/CarND-Extended-Kalman-Filter-Project/src/tools.cpp */,
			);
			name = "Source Files";
			sourceTree = "<group>";
		};
		5FDC1EE5DF7B47F284448EC4 /* CMake Rules */ = {
			isa = PBXGroup;
			children = (
			);
			name = "CMake Rules";
			sourceTree = "<group>";
		};
		7BE50C4F175C4074AB3F33CC /* ZERO_CHECK */ = {
			isa = PBXGroup;
			children = (
				36FF23B65310425FA1A6AAD1 /* CMake Rules */,
				205BF8AB5C00433FB16A50C7 /* /Users/keita-y/UdacityProject/CarND-Extended-Kalman-Filter-Project/CMakeLists.txt */,
			);
			name = ZERO_CHECK;
			sourceTree = "<group>";
		};
		849A9BE065AF40BE8421DAB0 /* Header Files */ = {
			isa = PBXGroup;
			children = (
				B655A6D11DC04C979038EEF6 /* /Users/keita-y/UdacityProject/CarND-Extended-Kalman-Filter-Project/src/FusionEKF.h */,
				64968D3F62694BF19F128DD0 /* /Users/keita-y/UdacityProject/CarND-Extended-Kalman-Filter-Project/src/kalman_filter.h */,
				6F48F53A2A364717807DF2E4 /* /Users/keita-y/UdacityProject/CarND-Extended-Kalman-Filter-Project/src/tools.h */,
			);
			name = "Header Files";
			sourceTree = "<group>";
		};
		B0CCF386756F467DA1A831FC /* ALL_BUILD */ = {
			isa = PBXGroup;
			children = (
				5FDC1EE5DF7B47F284448EC4 /* CMake Rules */,
				27A4F49F1075459BBA2DCE25 /* /Users/keita-y/UdacityProject/CarND-Extended-Kalman-Filter-Project/CMakeLists.txt */,
			);
			name = ALL_BUILD;
			sourceTree = "<group>";
		};
		BD299BAEBD0649099FCB20C9 /* Products */ = {
			isa = PBXGroup;
			children = (
				9D9A727954BD45D7AB128F04 /* ExtendedKF */,
			);
			name = Products;
			sourceTree = "<group>";
		};
		E03CCB71481947C2B4285E2E = {
			isa = PBXGroup;
			children = (
				EE5B53B8FDDF475186309CAD /* Sources */,
				E86E16D9FAAC48FE8C33BEDE /* Resources */,
				BD299BAEBD0649099FCB20C9 /* Products */,
			);
			sourceTree = "<group>";
		};
		E688F8BC4C284C548AD03147 /* ExtendedKF */ = {
			isa = PBXGroup;
			children = (
				3DECD08611704D7392D213FF /* Source Files */,
				849A9BE065AF40BE8421DAB0 /* Header Files */,
				8B00C5C7D28643E6B2FB7B1D /* /Users/keita-y/UdacityProject/CarND-Extended-Kalman-Filter-Project/CMakeLists.txt */,
			);
			name = ExtendedKF;
			sourceTree = "<group>";
		};
		E86E16D9FAAC48FE8C33BEDE /* Resources */ = {
			isa = PBXGroup;
			children = (
			);
			name = Resources;
			sourceTree = "<group>";
		};
		EE5B53B8FDDF475186309CAD /* Sources */ = {
			isa = PBXGroup;
			children = (
				E688F8BC4C284C548AD03147 /* ExtendedKF */,
				B0CCF386756F467DA1A831FC /* ALL_BUILD */,
				7BE50C4F175C4074AB3F33CC /* ZERO_CHECK */,
			);
			name = Sources;
			sourceTree = "<group>";
		};
/* End PBXGroup section */

/* Begin PBXNativeTarget section */
		72C0BD3661944ECEA7E1C0F3 /* ExtendedKF */ = {
			isa = PBXNativeTarget;
			buildConfigurationList = 86FAC3C0A3634F1680DBF5D6 /* Build configuration list for PBXNativeTarget "ExtendedKF" */;
			buildPhases = (
				EE807B27B1E74A3F82CB7BA1 /* Sources */,
			);
			buildRules = (
			);
			dependencies = (
				A701B67710274635BF930ABB /* PBXTargetDependency */,
			);
			name = ExtendedKF;
			productName = ExtendedKF;
			productReference = 9D9A727954BD45D7AB128F04 /* ExtendedKF */;
			productType = "com.apple.product-type.tool";
		};
/* End PBXNativeTarget section */

/* Begin PBXProject section */
		5A10ADE077314B9CB625CF14 /* Project object */ = {
			isa = PBXProject;
			attributes = {
				BuildIndependentTargetsInParallel = YES;
				LastUpgradeCheck = 0720;
			};
			buildConfigurationList = 2BC30856A7EE4F9389C4A7A2 /* Build configuration list for PBXProject "ExtendedKF" */;
			buildSettings = {
			};
			buildStyles = (
				A84B3F7455DF4204A8D58EEB /* Debug */,
				29F234D3E08D4061B5BC9C3F /* Release */,
				D3039C0EA1354664AB14F427 /* MinSizeRel */,
				F1640FD6483D44AFA3796602 /* RelWithDebInfo */,
			);
			compatibilityVersion = "Xcode 3.2";
			hasScannedForEncodings = 0;
			mainGroup = E03CCB71481947C2B4285E2E;
			projectDirPath = ../../;
			projectRoot = "";
			targets = (
				48C9C08BA85A42819678DC88 /* ALL_BUILD */,
				72C0BD3661944ECEA7E1C0F3 /* ExtendedKF */,
				380D062FF86A44B9BC81CB01 /* ZERO_CHECK */,
			);
		};
/* End PBXProject section */

/* Begin PBXShellScriptBuildPhase section */
		37AD793F142B4E31A70F185D /* CMake Rules */ = {
			isa = PBXShellScriptBuildPhase;
			buildActionMask = 2147483647;
			files = (
			);
			name = "CMake Rules";
			runOnlyForDeploymentPostprocessing = 0;
			shellPath = /bin/sh;
			shellScript = "make -C /Users/keita-y/UdacityProject/CarND-Extended-Kalman-Filter-Project/ide_profiles/xcode -f /Users/keita-y/UdacityProject/CarND-Extended-Kalman-Filter-Project/ide_profiles/xcode/CMakeScripts/ZERO_CHECK_cmakeRulesBuildPhase.make$CONFIGURATION all";
			showEnvVarsInLog = 0;
		};
		5F41B7D51A26438A8D26F2C8 /* CMake Rules */ = {
			isa = PBXShellScriptBuildPhase;
			buildActionMask = 2147483647;
			files = (
			);
			name = "CMake Rules";
			runOnlyForDeploymentPostprocessing = 0;
			shellPath = /bin/sh;
			shellScript = "make -C /Users/keita-y/UdacityProject/CarND-Extended-Kalman-Filter-Project/ide_profiles/xcode -f /Users/keita-y/UdacityProject/CarND-Extended-Kalman-Filter-Project/ide_profiles/xcode/CMakeScripts/ALL_BUILD_cmakeRulesBuildPhase.make$CONFIGURATION all";
			showEnvVarsInLog = 0;
		};
		88E9F3BB3BF343A6BD4F9306 = {
			isa = PBXShellScriptBuildPhase;
			buildActionMask = 2147483647;
			files = (
			);
			inputPaths = (
			);
			outputPaths = (
			);
			runOnlyForDeploymentPostprocessing = 0;
			shellPath = /bin/sh;
			shellScript = "# shell script goes here
exit 0";
			showEnvVarsInLog = 0;
		};
		A1A8BEC46B114B559AA40E71 = {
			isa = PBXShellScriptBuildPhase;
			buildActionMask = 2147483647;
			files = (
			);
			inputPaths = (
			);
			outputPaths = (
			);
			runOnlyForDeploymentPostprocessing = 0;
			shellPath = /bin/sh;
			shellScript = "# shell script goes here
exit 0";
			showEnvVarsInLog = 0;
		};
/* End PBXShellScriptBuildPhase section */

/* Begin PBXSourcesBuildPhase section */
		EE807B27B1E74A3F82CB7BA1 /* Sources */ = {
			isa = PBXSourcesBuildPhase;
			buildActionMask = 2147483647;
			files = (
				8A1A43D785E247A798C65E7C /* /Users/keita-y/UdacityProject/CarND-Extended-Kalman-Filter-Project/src/FusionEKF.cpp */,
				F6DCD2AFAEF64E3FBFC7DFEC /* /Users/keita-y/UdacityProject/CarND-Extended-Kalman-Filter-Project/src/kalman_filter.cpp */,
				C250A2613D454072A9A07380 /* /Users/keita-y/UdacityProject/CarND-Extended-Kalman-Filter-Project/src/main.cpp */,
				DFF17E3541844A60A393CEA2 /* /Users/keita-y/UdacityProject/CarND-Extended-Kalman-Filter-Project/src/tools.cpp */,
			);
			runOnlyForDeploymentPostprocessing = 0;
		};
/* End PBXSourcesBuildPhase section */

/* Begin PBXTargetDependency section */
		1A7EB0B27D314835A8A8C997 /* PBXTargetDependency */ = {
			isa = PBXTargetDependency;
			target = 380D062FF86A44B9BC81CB01 /* ZERO_CHECK */;
			targetProxy = E0A8628009DD49FE92A007A4 /* PBXContainerItemProxy */;
		};
		38FD3DD3EC2D4415B8C4F1AA /* PBXTargetDependency */ = {
			isa = PBXTargetDependency;
			target = 72C0BD3661944ECEA7E1C0F3 /* ExtendedKF */;
			targetProxy = C0AFE0BE09794CD9A94A3CCF /* PBXContainerItemProxy */;
		};
		A701B67710274635BF930ABB /* PBXTargetDependency */ = {
			isa = PBXTargetDependency;
			target = 380D062FF86A44B9BC81CB01 /* ZERO_CHECK */;
			targetProxy = 5C1AA82F00D04259A5A02F67 /* PBXContainerItemProxy */;
		};
/* End PBXTargetDependency section */

/* Begin XCBuildConfiguration section */
		1DA9CDB6D95342E29A1E53C6 /* Debug */ = {
			isa = XCBuildConfiguration;
			buildSettings = {
				COMBINE_HIDPI_IMAGES = YES;
				GCC_GENERATE_DEBUGGING_SYMBOLS = YES;
				GCC_INLINES_ARE_PRIVATE_EXTERN = NO;
				GCC_OPTIMIZATION_LEVEL = 0;
				GCC_PREPROCESSOR_DEFINITIONS = ("'CMAKE_INTDIR=\"$(CONFIGURATION)$(EFFECTIVE_PLATFORM_NAME)\"'");
				GCC_SYMBOLS_PRIVATE_EXTERN = NO;
				HEADER_SEARCH_PATHS = (/usr/local/include,/usr/local/opt/openssl/include);
				INSTALL_PATH = "";
				OTHER_LDFLAGS = " ";
				OTHER_REZFLAGS = "";
				PRODUCT_NAME = ALL_BUILD;
				SECTORDER_FLAGS = "";
				SYMROOT = "/Users/keita-y/UdacityProject/CarND-Extended-Kalman-Filter-Project/ide_profiles/xcode";
				USE_HEADERMAP = NO;
				WARNING_CFLAGS = ("-Wmost","-Wno-four-char-constants","-Wno-unknown-pragmas","$(inherited)");
			};
			name = Debug;
		};
		313725FE0BC0450E9C99000D /* Release */ = {
			isa = XCBuildConfiguration;
			buildSettings = {
				COMBINE_HIDPI_IMAGES = YES;
				GCC_GENERATE_DEBUGGING_SYMBOLS = YES;
				GCC_INLINES_ARE_PRIVATE_EXTERN = NO;
				GCC_OPTIMIZATION_LEVEL = 0;
				GCC_PREPROCESSOR_DEFINITIONS = ("'CMAKE_INTDIR=\"$(CONFIGURATION)$(EFFECTIVE_PLATFORM_NAME)\"'");
				GCC_SYMBOLS_PRIVATE_EXTERN = NO;
				HEADER_SEARCH_PATHS = (/usr/local/include,/usr/local/opt/openssl/include);
				INSTALL_PATH = "";
				OTHER_LDFLAGS = " ";
				OTHER_REZFLAGS = "";
				PRODUCT_NAME = ALL_BUILD;
				SECTORDER_FLAGS = "";
				SYMROOT = "/Users/keita-y/UdacityProject/CarND-Extended-Kalman-Filter-Project/ide_profiles/xcode";
				USE_HEADERMAP = NO;
				WARNING_CFLAGS = ("-Wmost","-Wno-four-char-constants","-Wno-unknown-pragmas","$(inherited)");
			};
			name = Release;
		};
		5972285F8AFF4087B619A18C /* RelWithDebInfo */ = {
			isa = XCBuildConfiguration;
			buildSettings = {
				COMBINE_HIDPI_IMAGES = YES;
				GCC_GENERATE_DEBUGGING_SYMBOLS = YES;
				GCC_INLINES_ARE_PRIVATE_EXTERN = NO;
				GCC_OPTIMIZATION_LEVEL = 0;
				GCC_PREPROCESSOR_DEFINITIONS = ("'CMAKE_INTDIR=\"$(CONFIGURATION)$(EFFECTIVE_PLATFORM_NAME)\"'");
				GCC_SYMBOLS_PRIVATE_EXTERN = NO;
				HEADER_SEARCH_PATHS = (/usr/local/include,/usr/local/opt/openssl/include);
				INSTALL_PATH = "";
				OTHER_LDFLAGS = " ";
				OTHER_REZFLAGS = "";
				PRODUCT_NAME = ALL_BUILD;
				SECTORDER_FLAGS = "";
				SYMROOT = "/Users/keita-y/UdacityProject/CarND-Extended-Kalman-Filter-Project/ide_profiles/xcode";
				USE_HEADERMAP = NO;
				WARNING_CFLAGS = ("-Wmost","-Wno-four-char-constants","-Wno-unknown-pragmas","$(inherited)");
			};
			name = RelWithDebInfo;
		};
		70EF6448FF1C48379897F412 /* Release */ = {
			isa = XCBuildConfiguration;
			buildSettings = {
				MACOSX_DEPLOYMENT_TARGET = 10.10;
				ONLY_ACTIVE_ARCH = YES;
				SDKROOT = /Applications/Xcode.app/Contents/Developer/Platforms/MacOSX.platform/Developer/SDKs/MacOSX10.11.sdk;
				SYMROOT = "/Users/keita-y/UdacityProject/CarND-Extended-Kalman-Filter-Project/ide_profiles/xcode/build";
			};
			name = Release;
		};
		72376AB242D14B888AFA0DB6 /* Debug */ = {
			isa = XCBuildConfiguration;
			buildSettings = {
				MACOSX_DEPLOYMENT_TARGET = 10.10;
				ONLY_ACTIVE_ARCH = YES;
				SDKROOT = /Applications/Xcode.app/Contents/Developer/Platforms/MacOSX.platform/Developer/SDKs/MacOSX10.11.sdk;
				SYMROOT = "/Users/keita-y/UdacityProject/CarND-Extended-Kalman-Filter-Project/ide_profiles/xcode/build";
			};
			name = Debug;
		};
		7482FC638AC34B8BA8957B17 /* RelWithDebInfo */ = {
			isa = XCBuildConfiguration;
			buildSettings = {
				COMBINE_HIDPI_IMAGES = YES;
				GCC_GENERATE_DEBUGGING_SYMBOLS = YES;
				GCC_INLINES_ARE_PRIVATE_EXTERN = NO;
				GCC_OPTIMIZATION_LEVEL = 0;
				GCC_PREPROCESSOR_DEFINITIONS = ("'CMAKE_INTDIR=\"$(CONFIGURATION)$(EFFECTIVE_PLATFORM_NAME)\"'");
				GCC_SYMBOLS_PRIVATE_EXTERN = NO;
				HEADER_SEARCH_PATHS = (/usr/local/include,/usr/local/opt/openssl/include);
				INSTALL_PATH = "";
				OTHER_LDFLAGS = " ";
				OTHER_REZFLAGS = "";
				PRODUCT_NAME = ZERO_CHECK;
				SECTORDER_FLAGS = "";
				SYMROOT = "/Users/keita-y/UdacityProject/CarND-Extended-Kalman-Filter-Project/ide_profiles/xcode";
				USE_HEADERMAP = NO;
				WARNING_CFLAGS = ("-Wmost","-Wno-four-char-constants","-Wno-unknown-pragmas","$(inherited)");
			};
			name = RelWithDebInfo;
		};
		823C85ED7C854B17B1EA8087 /* MinSizeRel */ = {
			isa = XCBuildConfiguration;
			buildSettings = {
				MACOSX_DEPLOYMENT_TARGET = 10.10;
				ONLY_ACTIVE_ARCH = YES;
				SDKROOT = /Applications/Xcode.app/Contents/Developer/Platforms/MacOSX.platform/Developer/SDKs/MacOSX10.11.sdk;
				SYMROOT = "/Users/keita-y/UdacityProject/CarND-Extended-Kalman-Filter-Project/ide_profiles/xcode/build";
			};
			name = MinSizeRel;
		};
		A1DD50012B104D98B1CC858A /* Debug */ = {
			isa = XCBuildConfiguration;
			buildSettings = {
				COMBINE_HIDPI_IMAGES = YES;
				GCC_GENERATE_DEBUGGING_SYMBOLS = YES;
				GCC_INLINES_ARE_PRIVATE_EXTERN = NO;
				GCC_OPTIMIZATION_LEVEL = 0;
				GCC_PREPROCESSOR_DEFINITIONS = ("'CMAKE_INTDIR=\"$(CONFIGURATION)$(EFFECTIVE_PLATFORM_NAME)\"'");
				GCC_SYMBOLS_PRIVATE_EXTERN = NO;
				HEADER_SEARCH_PATHS = (/usr/local/include,/usr/local/opt/openssl/include);
				INSTALL_PATH = "";
				OTHER_LDFLAGS = " ";
				OTHER_REZFLAGS = "";
				PRODUCT_NAME = ZERO_CHECK;
				SECTORDER_FLAGS = "";
				SYMROOT = "/Users/keita-y/UdacityProject/CarND-Extended-Kalman-Filter-Project/ide_profiles/xcode";
				USE_HEADERMAP = NO;
				WARNING_CFLAGS = ("-Wmost","-Wno-four-char-constants","-Wno-unknown-pragmas","$(inherited)");
			};
			name = Debug;
		};
		AAD07470D8D843EC98AC2C35 /* Release */ = {
			isa = XCBuildConfiguration;
			buildSettings = {
				COMBINE_HIDPI_IMAGES = YES;
				GCC_GENERATE_DEBUGGING_SYMBOLS = YES;
				GCC_INLINES_ARE_PRIVATE_EXTERN = NO;
				GCC_OPTIMIZATION_LEVEL = 0;
				GCC_PREPROCESSOR_DEFINITIONS = ("'CMAKE_INTDIR=\"$(CONFIGURATION)$(EFFECTIVE_PLATFORM_NAME)\"'");
				GCC_SYMBOLS_PRIVATE_EXTERN = NO;
				HEADER_SEARCH_PATHS = (/usr/local/include,/usr/local/opt/openssl/include);
				INSTALL_PATH = "";
				OTHER_LDFLAGS = " ";
				OTHER_REZFLAGS = "";
				PRODUCT_NAME = ZERO_CHECK;
				SECTORDER_FLAGS = "";
				SYMROOT = "/Users/keita-y/UdacityProject/CarND-Extended-Kalman-Filter-Project/ide_profiles/xcode";
				USE_HEADERMAP = NO;
				WARNING_CFLAGS = ("-Wmost","-Wno-four-char-constants","-Wno-unknown-pragmas","$(inherited)");
			};
			name = Release;
		};
		B0CA9567C007496487F51EC3 /* MinSizeRel */ = {
			isa = XCBuildConfiguration;
			buildSettings = {
				COMBINE_HIDPI_IMAGES = YES;
				EXECUTABLE_PREFIX = "";
				EXECUTABLE_SUFFIX = "";
				GCC_GENERATE_DEBUGGING_SYMBOLS = NO;
				GCC_INLINES_ARE_PRIVATE_EXTERN = NO;
				GCC_OPTIMIZATION_LEVEL = s;
				GCC_PREPROCESSOR_DEFINITIONS = ("'CMAKE_INTDIR=\"$(CONFIGURATION)$(EFFECTIVE_PLATFORM_NAME)\"'");
				GCC_SYMBOLS_PRIVATE_EXTERN = NO;
				HEADER_SEARCH_PATHS = (/usr/local/include,/usr/local/opt/openssl/include);
				INSTALL_PATH = "";
				LD_RUNPATH_SEARCH_PATHS = "/usr/local/lib /usr/local/opt/openssl/lib /usr/local/Cellar/libuv/1.11.0/lib";
				LIBRARY_SEARCH_PATHS = " /usr/local/lib/$(CONFIGURATION)$(EFFECTIVE_PLATFORM_NAME) /usr/local/lib /usr/local/opt/openssl/lib/$(CONFIGURATION)$(EFFECTIVE_PLATFORM_NAME) /usr/local/opt/openssl/lib /usr/local/Cellar/libuv/1.11.0/lib/$(CONFIGURATION)$(EFFECTIVE_PLATFORM_NAME) /usr/local/Cellar/libuv/1.11.0/lib";
				OTHER_CPLUSPLUSFLAGS = "    -DNDEBUG -I/usr/local/include -I/usr/local/opt/openssl/include    -std=c++11";
				OTHER_LDFLAGS = " -Wl,-search_paths_first -Wl,-headerpad_max_install_names  -lz -lssl -luv -luWS";
				OTHER_REZFLAGS = "";
				PRODUCT_NAME = ExtendedKF;
				SECTORDER_FLAGS = "";
				SYMROOT = "/Users/keita-y/UdacityProject/CarND-Extended-Kalman-Filter-Project/ide_profiles/xcode";
				USE_HEADERMAP = NO;
				WARNING_CFLAGS = ("-Wmost","-Wno-four-char-constants","-Wno-unknown-pragmas","$(inherited)");
			};
			name = MinSizeRel;
		};
		C01E30583E634588B1CDA49A /* MinSizeRel */ = {
			isa = XCBuildConfiguration;
			buildSettings = {
				COMBINE_HIDPI_IMAGES = YES;
				GCC_GENERATE_DEBUGGING_SYMBOLS = YES;
				GCC_INLINES_ARE_PRIVATE_EXTERN = NO;
				GCC_OPTIMIZATION_LEVEL = 0;
				GCC_PREPROCESSOR_DEFINITIONS = ("'CMAKE_INTDIR=\"$(CONFIGURATION)$(EFFECTIVE_PLATFORM_NAME)\"'");
				GCC_SYMBOLS_PRIVATE_EXTERN = NO;
				HEADER_SEARCH_PATHS = (/usr/local/include,/usr/local/opt/openssl/include);
				INSTALL_PATH = "";
				OTHER_LDFLAGS = " ";
				OTHER_REZFLAGS = "";
				PRODUCT_NAME = ZERO_CHECK;
				SECTORDER_FLAGS = "";
				SYMROOT = "/Users/keita-y/UdacityProject/CarND-Extended-Kalman-Filter-Project/ide_profiles/xcode";
				USE_HEADERMAP = NO;
				WARNING_CFLAGS = ("-Wmost","-Wno-four-char-constants","-Wno-unknown-pragmas","$(inherited)");
			};
			name = MinSizeRel;
		};
		D2F46810297E47FD89521EED /* Release */ = {
			isa = XCBuildConfiguration;
			buildSettings = {
				COMBINE_HIDPI_IMAGES = YES;
				EXECUTABLE_PREFIX = "";
				EXECUTABLE_SUFFIX = "";
				GCC_GENERATE_DEBUGGING_SYMBOLS = NO;
				GCC_INLINES_ARE_PRIVATE_EXTERN = NO;
				GCC_OPTIMIZATION_LEVEL = 3;
				GCC_PREPROCESSOR_DEFINITIONS = ("'CMAKE_INTDIR=\"$(CONFIGURATION)$(EFFECTIVE_PLATFORM_NAME)\"'");
				GCC_SYMBOLS_PRIVATE_EXTERN = NO;
				HEADER_SEARCH_PATHS = (/usr/local/include,/usr/local/opt/openssl/include);
				INSTALL_PATH = "";
				LD_RUNPATH_SEARCH_PATHS = "/usr/local/lib /usr/local/opt/openssl/lib /usr/local/Cellar/libuv/1.11.0/lib";
				LIBRARY_SEARCH_PATHS = " /usr/local/lib/$(CONFIGURATION)$(EFFECTIVE_PLATFORM_NAME) /usr/local/lib /usr/local/opt/openssl/lib/$(CONFIGURATION)$(EFFECTIVE_PLATFORM_NAME) /usr/local/opt/openssl/lib /usr/local/Cellar/libuv/1.11.0/lib/$(CONFIGURATION)$(EFFECTIVE_PLATFORM_NAME) /usr/local/Cellar/libuv/1.11.0/lib";
				OTHER_CPLUSPLUSFLAGS = "    -DNDEBUG -I/usr/local/include -I/usr/local/opt/openssl/include    -std=c++11";
				OTHER_LDFLAGS = " -Wl,-search_paths_first -Wl,-headerpad_max_install_names  -lz -lssl -luv -luWS";
				OTHER_REZFLAGS = "";
				PRODUCT_NAME = ExtendedKF;
				SECTORDER_FLAGS = "";
				SYMROOT = "/Users/keita-y/UdacityProject/CarND-Extended-Kalman-Filter-Project/ide_profiles/xcode";
				USE_HEADERMAP = NO;
				WARNING_CFLAGS = ("-Wmost","-Wno-four-char-constants","-Wno-unknown-pragmas","$(inherited)");
			};
			name = Release;
		};
		D921D0B4FBA4405A8F6D21E0 /* RelWithDebInfo */ = {
			isa = XCBuildConfiguration;
			buildSettings = {
				MACOSX_DEPLOYMENT_TARGET = 10.10;
				ONLY_ACTIVE_ARCH = YES;
				SDKROOT = /Applications/Xcode.app/Contents/Developer/Platforms/MacOSX.platform/Developer/SDKs/MacOSX10.11.sdk;
				SYMROOT = "/Users/keita-y/UdacityProject/CarND-Extended-Kalman-Filter-Project/ide_profiles/xcode/build";
			};
			name = RelWithDebInfo;
		};
		DBBB9807F9A24D1E8EF8C880 /* MinSizeRel */ = {
			isa = XCBuildConfiguration;
			buildSettings = {
				COMBINE_HIDPI_IMAGES = YES;
				GCC_GENERATE_DEBUGGING_SYMBOLS = YES;
				GCC_INLINES_ARE_PRIVATE_EXTERN = NO;
				GCC_OPTIMIZATION_LEVEL = 0;
				GCC_PREPROCESSOR_DEFINITIONS = ("'CMAKE_INTDIR=\"$(CONFIGURATION)$(EFFECTIVE_PLATFORM_NAME)\"'");
				GCC_SYMBOLS_PRIVATE_EXTERN = NO;
				HEADER_SEARCH_PATHS = (/usr/local/include,/usr/local/opt/openssl/include);
				INSTALL_PATH = "";
				OTHER_LDFLAGS = " ";
				OTHER_REZFLAGS = "";
				PRODUCT_NAME = ALL_BUILD;
				SECTORDER_FLAGS = "";
				SYMROOT = "/Users/keita-y/UdacityProject/CarND-Extended-Kalman-Filter-Project/ide_profiles/xcode";
				USE_HEADERMAP = NO;
				WARNING_CFLAGS = ("-Wmost","-Wno-four-char-constants","-Wno-unknown-pragmas","$(inherited)");
			};
			name = MinSizeRel;
		};
		E807A5E1F17647BBA82AD35B /* Debug */ = {
			isa = XCBuildConfiguration;
			buildSettings = {
				COMBINE_HIDPI_IMAGES = YES;
				EXECUTABLE_PREFIX = "";
				EXECUTABLE_SUFFIX = "";
				GCC_GENERATE_DEBUGGING_SYMBOLS = YES;
				GCC_INLINES_ARE_PRIVATE_EXTERN = NO;
				GCC_OPTIMIZATION_LEVEL = 0;
				GCC_PREPROCESSOR_DEFINITIONS = ("'CMAKE_INTDIR=\"$(CONFIGURATION)$(EFFECTIVE_PLATFORM_NAME)\"'");
				GCC_SYMBOLS_PRIVATE_EXTERN = NO;
				HEADER_SEARCH_PATHS = (/usr/local/include,/usr/local/opt/openssl/include);
				INSTALL_PATH = "";
				LD_RUNPATH_SEARCH_PATHS = "/usr/local/lib /usr/local/opt/openssl/lib /usr/local/Cellar/libuv/1.11.0/lib";
				LIBRARY_SEARCH_PATHS = " /usr/local/lib/$(CONFIGURATION)$(EFFECTIVE_PLATFORM_NAME) /usr/local/lib /usr/local/opt/openssl/lib/$(CONFIGURATION)$(EFFECTIVE_PLATFORM_NAME) /usr/local/opt/openssl/lib /usr/local/Cellar/libuv/1.11.0/lib/$(CONFIGURATION)$(EFFECTIVE_PLATFORM_NAME) /usr/local/Cellar/libuv/1.11.0/lib";
				OTHER_CPLUSPLUSFLAGS = "   -I/usr/local/include -I/usr/local/opt/openssl/include    -std=c++11";
				OTHER_LDFLAGS = " -Wl,-search_paths_first -Wl,-headerpad_max_install_names  -lz -lssl -luv -luWS";
				OTHER_REZFLAGS = "";
				PRODUCT_NAME = ExtendedKF;
				SECTORDER_FLAGS = "";
				SYMROOT = "/Users/keita-y/UdacityProject/CarND-Extended-Kalman-Filter-Project/ide_profiles/xcode";
				USE_HEADERMAP = NO;
				WARNING_CFLAGS = ("-Wmost","-Wno-four-char-constants","-Wno-unknown-pragmas","$(inherited)");
			};
			name = Debug;
		};
		F630C3FBAEBB4DF181422F5B /* RelWithDebInfo */ = {
			isa = XCBuildConfiguration;
			buildSettings = {
				COMBINE_HIDPI_IMAGES = YES;
				EXECUTABLE_PREFIX = "";
				EXECUTABLE_SUFFIX = "";
				GCC_GENERATE_DEBUGGING_SYMBOLS = YES;
				GCC_INLINES_ARE_PRIVATE_EXTERN = NO;
				GCC_OPTIMIZATION_LEVEL = 2;
				GCC_PREPROCESSOR_DEFINITIONS = ("'CMAKE_INTDIR=\"$(CONFIGURATION)$(EFFECTIVE_PLATFORM_NAME)\"'");
				GCC_SYMBOLS_PRIVATE_EXTERN = NO;
				HEADER_SEARCH_PATHS = (/usr/local/include,/usr/local/opt/openssl/include);
				INSTALL_PATH = "";
				LD_RUNPATH_SEARCH_PATHS = "/usr/local/lib /usr/local/opt/openssl/lib /usr/local/Cellar/libuv/1.11.0/lib";
				LIBRARY_SEARCH_PATHS = " /usr/local/lib/$(CONFIGURATION)$(EFFECTIVE_PLATFORM_NAME) /usr/local/lib /usr/local/opt/openssl/lib/$(CONFIGURATION)$(EFFECTIVE_PLATFORM_NAME) /usr/local/opt/openssl/lib /usr/local/Cellar/libuv/1.11.0/lib/$(CONFIGURATION)$(EFFECTIVE_PLATFORM_NAME) /usr/local/Cellar/libuv/1.11.0/lib";
				OTHER_CPLUSPLUSFLAGS = "       -DNDEBUG -I/usr/local/include -I/usr/local/opt/openssl/include    -std=c++11";
				OTHER_LDFLAGS = " -Wl,-search_paths_first -Wl,-headerpad_max_install_names  -lz -lssl -luv -luWS";
				OTHER_REZFLAGS = "";
				PRODUCT_NAME = ExtendedKF;
				SECTORDER_FLAGS = "";
				SYMROOT = "/Users/keita-y/UdacityProject/CarND-Extended-Kalman-Filter-Project/ide_profiles/xcode";
				USE_HEADERMAP = NO;
				WARNING_CFLAGS = ("-Wmost","-Wno-four-char-constants","-Wno-unknown-pragmas","$(inherited)");
			};
			name = RelWithDebInfo;
		};
/* End XCBuildConfiguration section */

/* Begin XCConfigurationList section */
		2BC30856A7EE4F9389C4A7A2 /* Build configuration list for PBXProject "ExtendedKF" */ = {
			isa = XCConfigurationList;
			buildConfigurations = (
				72376AB242D14B888AFA0DB6 /* Debug */,
				70EF6448FF1C48379897F412 /* Release */,
				823C85ED7C854B17B1EA8087 /* MinSizeRel */,
				D921D0B4FBA4405A8F6D21E0 /* RelWithDebInfo */,
			);
			defaultConfigurationIsVisible = 0;
			defaultConfigurationName = Debug;
		};
		86FAC3C0A3634F1680DBF5D6 /* Build configuration list for PBXNativeTarget "ExtendedKF" */ = {
			isa = XCConfigurationList;
			buildConfigurations = (
				E807A5E1F17647BBA82AD35B /* Debug */,
				D2F46810297E47FD89521EED /* Release */,
				B0CA9567C007496487F51EC3 /* MinSizeRel */,
				F630C3FBAEBB4DF181422F5B /* RelWithDebInfo */,
			);
			defaultConfigurationIsVisible = 0;
			defaultConfigurationName = Debug;
		};
		898DF1F97B6F480894B9F7CA /* Build configuration list for PBXAggregateTarget "ALL_BUILD" */ = {
			isa = XCConfigurationList;
			buildConfigurations = (
				1DA9CDB6D95342E29A1E53C6 /* Debug */,
				313725FE0BC0450E9C99000D /* Release */,
				DBBB9807F9A24D1E8EF8C880 /* MinSizeRel */,
				5972285F8AFF4087B619A18C /* RelWithDebInfo */,
			);
			defaultConfigurationIsVisible = 0;
			defaultConfigurationName = Debug;
		};
		C085789AAB2F482F9DBE3E4C /* Build configuration list for PBXAggregateTarget "ZERO_CHECK" */ = {
			isa = XCConfigurationList;
			buildConfigurations = (
				A1DD50012B104D98B1CC858A /* Debug */,
				AAD07470D8D843EC98AC2C35 /* Release */,
				C01E30583E634588B1CDA49A /* MinSizeRel */,
				7482FC638AC34B8BA8957B17 /* RelWithDebInfo */,
			);
			defaultConfigurationIsVisible = 0;
			defaultConfigurationName = Debug;
		};
/* End XCConfigurationList section */
	};
	rootObject = 5A10ADE077314B9CB625CF14 /* Project object */;
}
